
Microsoft Visual Studio Solution File, Format Version 12.00
# Visual Studio Version 17
VisualStudioVersion = 17.13.35913.81
MinimumVisualStudioVersion = 10.0.40219.1
Project("{2150E333-8FDC-42A3-9474-1A3956D46DE8}") = "src", "src", "{02EA681E-C7D8-13C7-8484-4AC65E1B71E8}"
EndProject
Project("{FAE04EC0-301F-11D3-BF4B-00C04F79EFBC}") = "IntelliBot.Core", "IntelliBot.Core\IntelliBot.Core.csproj", "{3098D48C-995D-4E15-8D58-9D83204A5D6F}"
EndProject
Project("{FAE04EC0-301F-11D3-BF4B-00C04F79EFBC}") = "IntelliBot.Application", "IntelliBot.Application\IntelliBot.Application.csproj", "{8E7799AD-449A-475C-8D11-80A0E4649C21}"
EndProject
Project("{FAE04EC0-301F-11D3-BF4B-00C04F79EFBC}") = "IntelliBot.Infrastructure", "IntelliBot.Infrastructure\IntelliBot.Infrastructure.csproj", "{017E189E-BDF7-4AB9-84C1-4128A20D61B8}"
EndProject
Project("{FAE04EC0-301F-11D3-BF4B-00C04F79EFBC}") = "IntelliBot.Shared", "IntelliBot.Shared\IntelliBot.Shared.csproj", "{20ED912E-BAC4-457E-B402-7F4B6C45E545}"
EndProject
Project("{2150E333-8FDC-42A3-9474-1A3956D46DE8}") = "tests", "tests", "{20463489-3ECA-491D-B686-E04FC5AB8C8E}"
EndProject
Project("{FAE04EC0-301F-11D3-BF4B-00C04F79EFBC}") = "IntelliBot.API", "IntelliBot.API\IntelliBot.API.csproj", "{C5675636-EC88-475A-A656-D9864CE25FA1}"
EndProject
Global
	GlobalSection(SolutionConfigurationPlatforms) = preSolution
		Debug|Any CPU = Debug|Any CPU
		Release|Any CPU = Release|Any CPU
	EndGlobalSection
	GlobalSection(ProjectConfigurationPlatforms) = postSolution
		{3098D48C-995D-4E15-8D58-9D83204A5D6F}.Debug|Any CPU.ActiveCfg = Debug|Any CPU
		{3098D48C-995D-4E15-8D58-9D83204A5D6F}.Debug|Any CPU.Build.0 = Debug|Any CPU
		{3098D48C-995D-4E15-8D58-9D83204A5D6F}.Release|Any CPU.ActiveCfg = Release|Any CPU
		{3098D48C-995D-4E15-8D58-9D83204A5D6F}.Release|Any CPU.Build.0 = Release|Any CPU
		{8E7799AD-449A-475C-8D11-80A0E4649C21}.Debug|Any CPU.ActiveCfg = Debug|Any CPU
		{8E7799AD-449A-475C-8D11-80A0E4649C21}.Debug|Any CPU.Build.0 = Debug|Any CPU
		{8E7799AD-449A-475C-8D11-80A0E4649C21}.Release|Any CPU.ActiveCfg = Release|Any CPU
		{8E7799AD-449A-475C-8D11-80A0E4649C21}.Release|Any CPU.Build.0 = Release|Any CPU
		{017E189E-BDF7-4AB9-84C1-4128A20D61B8}.Debug|Any CPU.ActiveCfg = Debug|Any CPU
		{017E189E-BDF7-4AB9-84C1-4128A20D61B8}.Debug|Any CPU.Build.0 = Debug|Any CPU
		{017E189E-BDF7-4AB9-84C1-4128A20D61B8}.Release|Any CPU.ActiveCfg = Release|Any CPU
		{017E189E-BDF7-4AB9-84C1-4128A20D61B8}.Release|Any CPU.Build.0 = Release|Any CPU
		{20ED912E-BAC4-457E-B402-7F4B6C45E545}.Debug|Any CPU.ActiveCfg = Debug|Any CPU
		{20ED912E-BAC4-457E-B402-7F4B6C45E545}.Debug|Any CPU.Build.0 = Debug|Any CPU
		{20ED912E-BAC4-457E-B402-7F4B6C45E545}.Release|Any CPU.ActiveCfg = Release|Any CPU
		{20ED912E-BAC4-457E-B402-7F4B6C45E545}.Release|Any CPU.Build.0 = Release|Any CPU
		{C5675636-EC88-475A-A656-D9864CE25FA1}.Debug|Any CPU.ActiveCfg = Debug|Any CPU
		{C5675636-EC88-475A-A656-D9864CE25FA1}.Debug|Any CPU.Build.0 = Debug|Any CPU
		{C5675636-EC88-475A-A656-D9864CE25FA1}.Release|Any CPU.ActiveCfg = Release|Any CPU
		{C5675636-EC88-475A-A656-D9864CE25FA1}.Release|Any CPU.Build.0 = Release|Any CPU
	EndGlobalSection
	GlobalSection(SolutionProperties) = preSolution
		HideSolutionNode = FALSE
	EndGlobalSection
	GlobalSection(NestedProjects) = preSolution
		{3098D48C-995D-4E15-8D58-9D83204A5D6F} = {02EA681E-C7D8-13C7-8484-4AC65E1B71E8}
		{8E7799AD-449A-475C-8D11-80A0E4649C21} = {02EA681E-C7D8-13C7-8484-4AC65E1B71E8}
		{017E189E-BDF7-4AB9-84C1-4128A20D61B8} = {02EA681E-C7D8-13C7-8484-4AC65E1B71E8}
		{20ED912E-BAC4-457E-B402-7F4B6C45E545} = {02EA681E-C7D8-13C7-8484-4AC65E1B71E8}
		{C5675636-EC88-475A-A656-D9864CE25FA1} = {02EA681E-C7D8-13C7-8484-4AC65E1B71E8}
	EndGlobalSection
	GlobalSection(ExtensibilityGlobals) = postSolution
		SolutionGuid = {396726F9-7658-49FE-9353-66CFE51D91E0}
	EndGlobalSection
EndGlobal
